# THIS IS AN AUTOGENERATED FILE. DO NOT EDIT THIS FILE DIRECTLY.
# yarn lockfile v1


husky@^8.0.1:
  version "8.0.1"
  resolved "https://registry.yarnpkg.com/husky/-/husky-8.0.1.tgz#511cb3e57de3e3190514ae49ed50f6bc3f50b3e9"
  integrity sha512-xs7/chUH/CKdOCs7Zy0Aev9e/dKOMZf3K1Az1nar3tzlv0jfqnYtu235bstsWTmXOR0EfINrPa97yy4Lz6RiKw==

prettier@^2.7.1:
  version "2.7.1"
  resolved "https://registry.yarnpkg.com/prettier/-/prettier-2.7.1.tgz#e235806850d057f97bb08368a4f7d899f7760c64"
  integrity sha512-ujppO+MkdPqoVINuDFDRLClm7D78qbDt0/NR+wp5FqEZOoTNAjPHWj17QRhu7geIHJfcNhRk1XVQmF8Bp3ye+g==

turbo-darwin-64@1.6.0:
  version "1.6.0"
  resolved "https://registry.yarnpkg.com/turbo-darwin-64/-/turbo-darwin-64-1.6.0.tgz#0acc943d3f6db22955059c994e2b7d6c216f8731"
  integrity sha512-rQJruB6K3bdpK7T09Wg83irLvuZXnibLRakR3Qi0QbmfHbZgMsYfr0RcpuDdOauhDGOC4tuTbcn6Ab7znOPueQ==

turbo-darwin-arm64@1.6.0:
  version "1.6.0"
  resolved "https://registry.yarnpkg.com/turbo-darwin-arm64/-/turbo-darwin-arm64-1.6.0.tgz#560cac49c38187dc5f7b926b73224f1382bb2465"
  integrity sha512-Y82V2vDiz3+iL2UP6GBqfYUo9onP90jlureATqiCGN2MZ6+mz/xmAx0HPnexyQYDKAa5NvqmI7QBq8NcRzVhPw==

turbo-linux-64@1.6.0:
  version "1.6.0"
  resolved "https://registry.yarnpkg.com/turbo-linux-64/-/turbo-linux-64-1.6.0.tgz#20650863317b1cd9d89c893145bab655cadf146e"
  integrity sha512-J+6xc0Jo5rCa3XHZVebILKKCQKw0Ka6SE3/fY2gZRGjJgrCl3mboBbX/xy35kPQuuBjcxmJj4x01UfLfaSYwQg==

turbo-linux-arm64@1.6.0:
  version "1.6.0"
  resolved "https://registry.yarnpkg.com/turbo-linux-arm64/-/turbo-linux-arm64-1.6.0.tgz#08611c83e1f5e2e0d3a565da4e261f96142a8875"
  integrity sha512-foxQzPRTjOTFQnaMRKa4uhlfZGYtFCzFr0lr61mJOQp9G+ygqpvyYvhMvhF69nvPh8STSnVSTJkQUNM+DUAA2w==

turbo-windows-64@1.6.0:
  version "1.6.0"
  resolved "https://registry.yarnpkg.com/turbo-windows-64/-/turbo-windows-64-1.6.0.tgz#fbfc6d8c4fd11434cae6e1928db4db90cf8a9f12"
  integrity sha512-nyhp9LNgi1SiAqHZWRdZqcemwGrqeKSiro00lB0XkMYZiLL91E8ZClAoGuqSCfYHTXaffjTxdJRihfot2G/Y+g==

turbo-windows-arm64@1.6.0:
  version "1.6.0"
  resolved "https://registry.yarnpkg.com/turbo-windows-arm64/-/turbo-windows-arm64-1.6.0.tgz#2057c18c7706c3358f59b3544b913fb4d0100568"
  integrity sha512-ORLdBUxM/ob+E623CHjQyf1mxpvc3SF862ui4Q4BA5ZxqkpxHuDLCaVnC/62cez8GdXRW/Twl0qqLoIbAoWIsA==

turbo@^1.4.6:
  version "1.6.0"
  resolved "https://registry.yarnpkg.com/turbo/-/turbo-1.6.0.tgz#8787dda27a13e41c33108e33fd9bfe7a04645720"
  integrity sha512-QVl4tfKExeI88zAWbspEJUeMYfo6G751C2QvMl9EORci1VNtARJ2AtYXtJSrJta5n6xsCsusgXrVEHG1iPv5UA==
  optionalDependencies:
    turbo-darwin-64 "1.6.0"
    turbo-darwin-arm64 "1.6.0"
    turbo-linux-64 "1.6.0"
    turbo-linux-arm64 "1.6.0"
    turbo-windows-64 "1.6.0"
    turbo-windows-arm64 "1.6.0"
